
Microsoft Visual Studio Solution File, Format Version 12.00
# Visual Studio Version 17
VisualStudioVersion = 17.14.36310.24 d17.14
MinimumVisualStudioVersion = 10.0.40219.1
Project("{FAE04EC0-301F-11D3-BF4B-00C04F79EFBC}") = "AdjacentCountriesFinder", "AdjacentCountriesFinder.csproj", "{8CD296B1-BA0E-4379-B304-7CFD46EE5064}"
EndProject
Global
	GlobalSection(SolutionConfigurationPlatforms) = preSolution
		Debug|Any CPU = Debug|Any CPU
		Release|Any CPU = Release|Any CPU
	EndGlobalSection
	GlobalSection(ProjectConfigurationPlatforms) = postSolution
		{8CD296B1-BA0E-4379-B304-7CFD46EE5064}.Debug|Any CPU.ActiveCfg = Debug|Any CPU
		{8CD296B1-BA0E-4379-B304-7CFD46EE5064}.Debug|Any CPU.Build.0 = Debug|Any CPU
		{8CD296B1-BA0E-4379-B304-7CFD46EE5064}.Release|Any CPU.ActiveCfg = Release|Any CPU
		{8CD296B1-BA0E-4379-B304-7CFD46EE5064}.Release|Any CPU.Build.0 = Release|Any CPU
	EndGlobalSection
	GlobalSection(SolutionProperties) = preSolution
		HideSolutionNode = FALSE
	EndGlobalSection
	GlobalSection(ExtensibilityGlobals) = postSolution
		SolutionGuid = {E53C4EAC-4D8A-4348-996D-133E2449A63C}
	EndGlobalSection
EndGlobal
